
Microsoft Visual Studio Solution File, Format Version 12.00
# Visual Studio Version 17
VisualStudioVersion = 17.8.34408.163
MinimumVisualStudioVersion = 10.0.40219.1
Project("{FAE04EC0-301F-11D3-BF4B-00C04F79EFBC}") = "List", "List\List.csproj", "{1EF0ECC9-B876-4FA0-8F41-4E5FC7AF924D}"
EndProject
Global
	GlobalSection(SolutionConfigurationPlatforms) = preSolution
		Debug|Any CPU = Debug|Any CPU
		Release|Any CPU = Release|Any CPU
	EndGlobalSection
	GlobalSection(ProjectConfigurationPlatforms) = postSolution
		{1EF0ECC9-B876-4FA0-8F41-4E5FC7AF924D}.Debug|Any CPU.ActiveCfg = Debug|Any CPU
		{1EF0ECC9-B876-4FA0-8F41-4E5FC7AF924D}.Debug|Any CPU.Build.0 = Debug|Any CPU
		{1EF0ECC9-B876-4FA0-8F41-4E5FC7AF924D}.Release|Any CPU.ActiveCfg = Release|Any CPU
		{1EF0ECC9-B876-4FA0-8F41-4E5FC7AF924D}.Release|Any CPU.Build.0 = Release|Any CPU
	EndGlobalSection
	GlobalSection(SolutionProperties) = preSolution
		HideSolutionNode = FALSE
	EndGlobalSection
	GlobalSection(ExtensibilityGlobals) = postSolution
		SolutionGuid = {7D5754FA-9675-4733-852D-C0D6D3E985E3}
	EndGlobalSection
EndGlobal
